
Microsoft Visual Studio Solution File, Format Version 12.00
# Visual Studio Version 17
VisualStudioVersion = 17.11.35327.3
MinimumVisualStudioVersion = 10.0.40219.1
Project("{FAE04EC0-301F-11D3-BF4B-00C04F79EFBC}") = "GregTech_VS", "GregTech_VS\GregTech_VS\GregTech_VS.csproj", "{C062239C-A41D-4D5A-B256-0CEAD79179D8}"
EndProject
Project("{FAE04EC0-301F-11D3-BF4B-00C04F79EFBC}") = "CakeBuild", "GregTech_VS\ZZCakeBuild\CakeBuild.csproj", "{DD065B00-CCFC-43F4-AC0F-629C41825FF5}"
EndProject
Global
	GlobalSection(SolutionConfigurationPlatforms) = preSolution
		Debug|Any CPU = Debug|Any CPU
		Release|Any CPU = Release|Any CPU
	EndGlobalSection
	GlobalSection(ProjectConfigurationPlatforms) = postSolution
		{C062239C-A41D-4D5A-B256-0CEAD79179D8}.Debug|Any CPU.ActiveCfg = Debug|Any CPU
		{C062239C-A41D-4D5A-B256-0CEAD79179D8}.Debug|Any CPU.Build.0 = Debug|Any CPU
		{C062239C-A41D-4D5A-B256-0CEAD79179D8}.Release|Any CPU.ActiveCfg = Release|Any CPU
		{C062239C-A41D-4D5A-B256-0CEAD79179D8}.Release|Any CPU.Build.0 = Release|Any CPU
		{DD065B00-CCFC-43F4-AC0F-629C41825FF5}.Debug|Any CPU.ActiveCfg = Debug|Any CPU
		{DD065B00-CCFC-43F4-AC0F-629C41825FF5}.Debug|Any CPU.Build.0 = Debug|Any CPU
		{DD065B00-CCFC-43F4-AC0F-629C41825FF5}.Release|Any CPU.ActiveCfg = Release|Any CPU
		{DD065B00-CCFC-43F4-AC0F-629C41825FF5}.Release|Any CPU.Build.0 = Release|Any CPU
	EndGlobalSection
	GlobalSection(SolutionProperties) = preSolution
		HideSolutionNode = FALSE
	EndGlobalSection
	GlobalSection(ExtensibilityGlobals) = postSolution
		SolutionGuid = {C10888EF-75D6-4FCB-A2E8-42D76B4DFC68}
	EndGlobalSection
EndGlobal
